
Microsoft Visual Studio Solution File, Format Version 12.00
# Visual Studio Version 17
VisualStudioVersion = 17.5.33414.496
MinimumVisualStudioVersion = 10.0.40219.1
Project("{9A19103F-16F7-4668-BE54-9A1E7A4F7556}") = "Shared", "Src\Shared\Shared.csproj", "{95F4F077-8A0B-4E09-800D-5B08FBF3A901}"
EndProject
Project("{9A19103F-16F7-4668-BE54-9A1E7A4F7556}") = "MainForm", "Src\MainForm\MainForm.csproj", "{C24ACEB5-724B-4326-A314-4DC33CFFDF78}"
EndProject
Global
	GlobalSection(SolutionConfigurationPlatforms) = preSolution
		Debug|Any CPU = Debug|Any CPU
		Release|Any CPU = Release|Any CPU
	EndGlobalSection
	GlobalSection(ProjectConfigurationPlatforms) = postSolution
		{95F4F077-8A0B-4E09-800D-5B08FBF3A901}.Debug|Any CPU.ActiveCfg = Debug|Any CPU
		{95F4F077-8A0B-4E09-800D-5B08FBF3A901}.Debug|Any CPU.Build.0 = Debug|Any CPU
		{95F4F077-8A0B-4E09-800D-5B08FBF3A901}.Release|Any CPU.ActiveCfg = Release|Any CPU
		{95F4F077-8A0B-4E09-800D-5B08FBF3A901}.Release|Any CPU.Build.0 = Release|Any CPU
		{C24ACEB5-724B-4326-A314-4DC33CFFDF78}.Debug|Any CPU.ActiveCfg = Debug|Any CPU
		{C24ACEB5-724B-4326-A314-4DC33CFFDF78}.Debug|Any CPU.Build.0 = Debug|Any CPU
		{C24ACEB5-724B-4326-A314-4DC33CFFDF78}.Release|Any CPU.ActiveCfg = Release|Any CPU
		{C24ACEB5-724B-4326-A314-4DC33CFFDF78}.Release|Any CPU.Build.0 = Release|Any CPU
	EndGlobalSection
	GlobalSection(SolutionProperties) = preSolution
		HideSolutionNode = FALSE
	EndGlobalSection
	GlobalSection(ExtensibilityGlobals) = postSolution
		SolutionGuid = {CB16AA32-0F75-4B9F-901E-ED6CC258C7C3}
	EndGlobalSection
EndGlobal
